
Microsoft Visual Studio Solution File, Format Version 12.00
# Visual Studio Version 16
VisualStudioVersion = 16.0.30517.126
MinimumVisualStudioVersion = 10.0.40219.1
Project("{FAE04EC0-301F-11D3-BF4B-00C04F79EFBC}") = "Korelskiy.CityGuide", "Korelskiy.CityGuide.csproj", "{80048BFA-256E-4B53-BA50-A267D7C0037C}"
EndProject
Global
	GlobalSection(SolutionConfigurationPlatforms) = preSolution
		Debug|Any CPU = Debug|Any CPU
		Release|Any CPU = Release|Any CPU
	EndGlobalSection
	GlobalSection(ProjectConfigurationPlatforms) = postSolution
		{80048BFA-256E-4B53-BA50-A267D7C0037C}.Debug|Any CPU.ActiveCfg = Debug|Any CPU
		{80048BFA-256E-4B53-BA50-A267D7C0037C}.Debug|Any CPU.Build.0 = Debug|Any CPU
		{80048BFA-256E-4B53-BA50-A267D7C0037C}.Release|Any CPU.ActiveCfg = Release|Any CPU
		{80048BFA-256E-4B53-BA50-A267D7C0037C}.Release|Any CPU.Build.0 = Release|Any CPU
	EndGlobalSection
	GlobalSection(SolutionProperties) = preSolution
		HideSolutionNode = FALSE
	EndGlobalSection
	GlobalSection(ExtensibilityGlobals) = postSolution
		SolutionGuid = {8F43D97A-7043-4159-BAA0-6153C4436BB7}
	EndGlobalSection
EndGlobal
